
Microsoft Visual Studio Solution File, Format Version 12.00
# Visual Studio Version 16
VisualStudioVersion = 16.0.32407.337
MinimumVisualStudioVersion = 10.0.40219.1
Project("{FAE04EC0-301F-11D3-BF4B-00C04F79EFBC}") = "EquacaoSegundoGrau", "EquacaoSegundoGrau\EquacaoSegundoGrau.csproj", "{78E88157-AB8C-463A-BADA-2C9D7924F30E}"
EndProject
Global
	GlobalSection(SolutionConfigurationPlatforms) = preSolution
		Debug|Any CPU = Debug|Any CPU
		Release|Any CPU = Release|Any CPU
	EndGlobalSection
	GlobalSection(ProjectConfigurationPlatforms) = postSolution
		{78E88157-AB8C-463A-BADA-2C9D7924F30E}.Debug|Any CPU.ActiveCfg = Debug|Any CPU
		{78E88157-AB8C-463A-BADA-2C9D7924F30E}.Debug|Any CPU.Build.0 = Debug|Any CPU
		{78E88157-AB8C-463A-BADA-2C9D7924F30E}.Release|Any CPU.ActiveCfg = Release|Any CPU
		{78E88157-AB8C-463A-BADA-2C9D7924F30E}.Release|Any CPU.Build.0 = Release|Any CPU
	EndGlobalSection
	GlobalSection(SolutionProperties) = preSolution
		HideSolutionNode = FALSE
	EndGlobalSection
	GlobalSection(ExtensibilityGlobals) = postSolution
		SolutionGuid = {227E3581-4A90-4716-9D64-10E6F1A9FCE2}
	EndGlobalSection
EndGlobal
